
Microsoft Visual Studio Solution File, Format Version 12.00
# Visual Studio Version 17
VisualStudioVersion = 17.2.32602.215
MinimumVisualStudioVersion = 10.0.40219.1
Project("{FAE04EC0-301F-11D3-BF4B-00C04F79EFBC}") = "GuessTheNumber", "GuessTheNumber\GuessTheNumber.csproj", "{A779A132-0397-44B0-8725-3B3E71E47D3A}"
EndProject
Global
	GlobalSection(SolutionConfigurationPlatforms) = preSolution
		Debug|Any CPU = Debug|Any CPU
		Release|Any CPU = Release|Any CPU
	EndGlobalSection
	GlobalSection(ProjectConfigurationPlatforms) = postSolution
		{A779A132-0397-44B0-8725-3B3E71E47D3A}.Debug|Any CPU.ActiveCfg = Debug|Any CPU
		{A779A132-0397-44B0-8725-3B3E71E47D3A}.Debug|Any CPU.Build.0 = Debug|Any CPU
		{A779A132-0397-44B0-8725-3B3E71E47D3A}.Release|Any CPU.ActiveCfg = Release|Any CPU
		{A779A132-0397-44B0-8725-3B3E71E47D3A}.Release|Any CPU.Build.0 = Release|Any CPU
	EndGlobalSection
	GlobalSection(SolutionProperties) = preSolution
		HideSolutionNode = FALSE
	EndGlobalSection
	GlobalSection(ExtensibilityGlobals) = postSolution
		SolutionGuid = {AD80EB35-F04A-43A2-802E-7D3B82526AA3}
	EndGlobalSection
EndGlobal
